// !$*UTF8*$!
{
	archiveVersion = 1;
	classes = {
	};
	objectVersion = 56;
	objects = {

/* Begin PBXBuildFile section */
		530700CA2C8074DD00DB408E /* ProfileReducer.swift in Sources */ = {isa = PBXBuildFile; fileRef = 530700C92C8074DD00DB408E /* ProfileReducer.swift */; };
		530700CE2C82D85000DB408E /* URLLoader.swift in Sources */ = {isa = PBXBuildFile; fileRef = 530700CD2C82D85000DB408E /* URLLoader.swift */; };
		530700D02C8800F600DB408E /* View+.swift in Sources */ = {isa = PBXBuildFile; fileRef = 530700CF2C8800F600DB408E /* View+.swift */; };
		5341AE0E2C7314430034B7BE /* UserListCell.swift in Sources */ = {isa = PBXBuildFile; fileRef = 5341AE0D2C7314430034B7BE /* UserListCell.swift */; };
		5341AE102C7315AC0034B7BE /* UserListCellViewModel.swift in Sources */ = {isa = PBXBuildFile; fileRef = 5341AE0F2C7315AC0034B7BE /* UserListCellViewModel.swift */; };
		536A161D2CA9483200A89A69 /* Coordinator.swift in Sources */ = {isa = PBXBuildFile; fileRef = 536A161C2CA9483200A89A69 /* Coordinator.swift */; };
		5392D4C12C705A0A009CBB26 /* AppDelegate.swift in Sources */ = {isa = PBXBuildFile; fileRef = 5392D4C02C705A0A009CBB26 /* AppDelegate.swift */; };
		5392D4C32C705A0A009CBB26 /* SceneDelegate.swift in Sources */ = {isa = PBXBuildFile; fileRef = 5392D4C22C705A0A009CBB26 /* SceneDelegate.swift */; };
		5392D4C52C705A0A009CBB26 /* ListViewController.swift in Sources */ = {isa = PBXBuildFile; fileRef = 5392D4C42C705A0A009CBB26 /* ListViewController.swift */; };
		5392D4C82C705A0A009CBB26 /* Main.storyboard in Resources */ = {isa = PBXBuildFile; fileRef = 5392D4C62C705A0A009CBB26 /* Main.storyboard */; };
		5392D4CA2C705A0A009CBB26 /* Assets.xcassets in Resources */ = {isa = PBXBuildFile; fileRef = 5392D4C92C705A0A009CBB26 /* Assets.xcassets */; };
		5392D4CD2C705A0A009CBB26 /* LaunchScreen.storyboard in Resources */ = {isa = PBXBuildFile; fileRef = 5392D4CB2C705A0A009CBB26 /* LaunchScreen.storyboard */; };
		5392D4D82C705A0A009CBB26 /* GitHubDemoTests.swift in Sources */ = {isa = PBXBuildFile; fileRef = 5392D4D72C705A0A009CBB26 /* GitHubDemoTests.swift */; };
		5392D4E22C705A0A009CBB26 /* GitHubDemoUITests.swift in Sources */ = {isa = PBXBuildFile; fileRef = 5392D4E12C705A0A009CBB26 /* GitHubDemoUITests.swift */; };
		5392D4E42C705A0A009CBB26 /* GitHubDemoUITestsLaunchTests.swift in Sources */ = {isa = PBXBuildFile; fileRef = 5392D4E32C705A0A009CBB26 /* GitHubDemoUITestsLaunchTests.swift */; };
		5392D4F32C705E50009CBB26 /* ComposableArchitecture in Frameworks */ = {isa = PBXBuildFile; productRef = 5392D4F22C705E50009CBB26 /* ComposableArchitecture */; };
		5392D4FD2C709911009CBB26 /* AppCoordinator.swift in Sources */ = {isa = PBXBuildFile; fileRef = 5392D4FC2C709911009CBB26 /* AppCoordinator.swift */; };
		5392D4FF2C70A11A009CBB26 /* ProfileViewController.swift in Sources */ = {isa = PBXBuildFile; fileRef = 5392D4FE2C70A11A009CBB26 /* ProfileViewController.swift */; };
		5392D5012C70A51C009CBB26 /* ListViewModel.swift in Sources */ = {isa = PBXBuildFile; fileRef = 5392D5002C70A51C009CBB26 /* ListViewModel.swift */; };
		5392D5052C70B29F009CBB26 /* Route.swift in Sources */ = {isa = PBXBuildFile; fileRef = 5392D5042C70B29F009CBB26 /* Route.swift */; };
		5392D5072C70B2BB009CBB26 /* HttpMethod.swift in Sources */ = {isa = PBXBuildFile; fileRef = 5392D5062C70B2BB009CBB26 /* HttpMethod.swift */; };
		5392D5092C70B2C6009CBB26 /* ServiceMonitorProtocol.swift in Sources */ = {isa = PBXBuildFile; fileRef = 5392D5082C70B2C6009CBB26 /* ServiceMonitorProtocol.swift */; };
		5392D50B2C70B754009CBB26 /* ServerConfig.swift in Sources */ = {isa = PBXBuildFile; fileRef = 5392D50A2C70B754009CBB26 /* ServerConfig.swift */; };
		5392D50D2C70B776009CBB26 /* ServiceProtocol.swift in Sources */ = {isa = PBXBuildFile; fileRef = 5392D50C2C70B776009CBB26 /* ServiceProtocol.swift */; };
		5392D50F2C70B8FD009CBB26 /* User.swift in Sources */ = {isa = PBXBuildFile; fileRef = 5392D50E2C70B8FD009CBB26 /* User.swift */; };
		5392D5112C70BBA4009CBB26 /* Profile.swift in Sources */ = {isa = PBXBuildFile; fileRef = 5392D5102C70BBA4009CBB26 /* Profile.swift */; };
		5392D5132C70BDCC009CBB26 /* Service.swift in Sources */ = {isa = PBXBuildFile; fileRef = 5392D5122C70BDCC009CBB26 /* Service.swift */; };
		5392D5162C70BE24009CBB26 /* Service+.swift in Sources */ = {isa = PBXBuildFile; fileRef = 5392D5152C70BE24009CBB26 /* Service+.swift */; };
		53ED63412DBE34010026BF78 /* ServiceClient.swift in Sources */ = {isa = PBXBuildFile; fileRef = 53ED63402DBE34010026BF78 /* ServiceClient.swift */; };
/* End PBXBuildFile section */

/* Begin PBXContainerItemProxy section */
		5392D4D42C705A0A009CBB26 /* PBXContainerItemProxy */ = {
			isa = PBXContainerItemProxy;
			containerPortal = 5392D4B52C705A0A009CBB26 /* Project object */;
			proxyType = 1;
			remoteGlobalIDString = 5392D4BC2C705A0A009CBB26;
			remoteInfo = GitHubDemo;
		};
		5392D4DE2C705A0A009CBB26 /* PBXContainerItemProxy */ = {
			isa = PBXContainerItemProxy;
			containerPortal = 5392D4B52C705A0A009CBB26 /* Project object */;
			proxyType = 1;
			remoteGlobalIDString = 5392D4BC2C705A0A009CBB26;
			remoteInfo = GitHubDemo;
		};
/* End PBXContainerItemProxy section */

/* Begin PBXFileReference section */
		530700C92C8074DD00DB408E /* ProfileReducer.swift */ = {isa = PBXFileReference; lastKnownFileType = sourcecode.swift; path = ProfileReducer.swift; sourceTree = "<group>"; };
		530700CD2C82D85000DB408E /* URLLoader.swift */ = {isa = PBXFileReference; lastKnownFileType = sourcecode.swift; path = URLLoader.swift; sourceTree = "<group>"; };
		530700CF2C8800F600DB408E /* View+.swift */ = {isa = PBXFileReference; lastKnownFileType = sourcecode.swift; path = "View+.swift"; sourceTree = "<group>"; };
		5341AE0D2C7314430034B7BE /* UserListCell.swift */ = {isa = PBXFileReference; lastKnownFileType = sourcecode.swift; path = UserListCell.swift; sourceTree = "<group>"; };
		5341AE0F2C7315AC0034B7BE /* UserListCellViewModel.swift */ = {isa = PBXFileReference; lastKnownFileType = sourcecode.swift; path = UserListCellViewModel.swift; sourceTree = "<group>"; };
		536A161C2CA9483200A89A69 /* Coordinator.swift */ = {isa = PBXFileReference; lastKnownFileType = sourcecode.swift; path = Coordinator.swift; sourceTree = "<group>"; };
		5392D4BD2C705A0A009CBB26 /* GitHubDemo.app */ = {isa = PBXFileReference; explicitFileType = wrapper.application; includeInIndex = 0; path = GitHubDemo.app; sourceTree = BUILT_PRODUCTS_DIR; };
		5392D4C02C705A0A009CBB26 /* AppDelegate.swift */ = {isa = PBXFileReference; lastKnownFileType = sourcecode.swift; path = AppDelegate.swift; sourceTree = "<group>"; };
		5392D4C22C705A0A009CBB26 /* SceneDelegate.swift */ = {isa = PBXFileReference; lastKnownFileType = sourcecode.swift; path = SceneDelegate.swift; sourceTree = "<group>"; };
		5392D4C42C705A0A009CBB26 /* ListViewController.swift */ = {isa = PBXFileReference; lastKnownFileType = sourcecode.swift; path = ListViewController.swift; sourceTree = "<group>"; };
		5392D4C72C705A0A009CBB26 /* Base */ = {isa = PBXFileReference; lastKnownFileType = file.storyboard; name = Base; path = Base.lproj/Main.storyboard; sourceTree = "<group>"; };
		5392D4C92C705A0A009CBB26 /* Assets.xcassets */ = {isa = PBXFileReference; lastKnownFileType = folder.assetcatalog; path = Assets.xcassets; sourceTree = "<group>"; };
		5392D4CC2C705A0A009CBB26 /* Base */ = {isa = PBXFileReference; lastKnownFileType = file.storyboard; name = Base; path = Base.lproj/LaunchScreen.storyboard; sourceTree = "<group>"; };
		5392D4CE2C705A0A009CBB26 /* Info.plist */ = {isa = PBXFileReference; lastKnownFileType = text.plist.xml; path = Info.plist; sourceTree = "<group>"; };
		5392D4D32C705A0A009CBB26 /* GitHubDemoTests.xctest */ = {isa = PBXFileReference; explicitFileType = wrapper.cfbundle; includeInIndex = 0; path = GitHubDemoTests.xctest; sourceTree = BUILT_PRODUCTS_DIR; };
		5392D4D72C705A0A009CBB26 /* GitHubDemoTests.swift */ = {isa = PBXFileReference; lastKnownFileType = sourcecode.swift; path = GitHubDemoTests.swift; sourceTree = "<group>"; };
		5392D4DD2C705A0A009CBB26 /* GitHubDemoUITests.xctest */ = {isa = PBXFileReference; explicitFileType = wrapper.cfbundle; includeInIndex = 0; path = GitHubDemoUITests.xctest; sourceTree = BUILT_PRODUCTS_DIR; };
		5392D4E12C705A0A009CBB26 /* GitHubDemoUITests.swift */ = {isa = PBXFileReference; lastKnownFileType = sourcecode.swift; path = GitHubDemoUITests.swift; sourceTree = "<group>"; };
		5392D4E32C705A0A009CBB26 /* GitHubDemoUITestsLaunchTests.swift */ = {isa = PBXFileReference; lastKnownFileType = sourcecode.swift; path = GitHubDemoUITestsLaunchTests.swift; sourceTree = "<group>"; };
		5392D4FC2C709911009CBB26 /* AppCoordinator.swift */ = {isa = PBXFileReference; lastKnownFileType = sourcecode.swift; path = AppCoordinator.swift; sourceTree = "<group>"; };
		5392D4FE2C70A11A009CBB26 /* ProfileViewController.swift */ = {isa = PBXFileReference; lastKnownFileType = sourcecode.swift; path = ProfileViewController.swift; sourceTree = "<group>"; };
		5392D5002C70A51C009CBB26 /* ListViewModel.swift */ = {isa = PBXFileReference; lastKnownFileType = sourcecode.swift; path = ListViewModel.swift; sourceTree = "<group>"; };
		5392D5042C70B29F009CBB26 /* Route.swift */ = {isa = PBXFileReference; lastKnownFileType = sourcecode.swift; path = Route.swift; sourceTree = "<group>"; };
		5392D5062C70B2BB009CBB26 /* HttpMethod.swift */ = {isa = PBXFileReference; lastKnownFileType = sourcecode.swift; path = HttpMethod.swift; sourceTree = "<group>"; };
		5392D5082C70B2C6009CBB26 /* ServiceMonitorProtocol.swift */ = {isa = PBXFileReference; lastKnownFileType = sourcecode.swift; path = ServiceMonitorProtocol.swift; sourceTree = "<group>"; };
		5392D50A2C70B754009CBB26 /* ServerConfig.swift */ = {isa = PBXFileReference; lastKnownFileType = sourcecode.swift; path = ServerConfig.swift; sourceTree = "<group>"; };
		5392D50C2C70B776009CBB26 /* ServiceProtocol.swift */ = {isa = PBXFileReference; lastKnownFileType = sourcecode.swift; path = ServiceProtocol.swift; sourceTree = "<group>"; };
		5392D50E2C70B8FD009CBB26 /* User.swift */ = {isa = PBXFileReference; lastKnownFileType = sourcecode.swift; path = User.swift; sourceTree = "<group>"; };
		5392D5102C70BBA4009CBB26 /* Profile.swift */ = {isa = PBXFileReference; lastKnownFileType = sourcecode.swift; path = Profile.swift; sourceTree = "<group>"; };
		5392D5122C70BDCC009CBB26 /* Service.swift */ = {isa = PBXFileReference; lastKnownFileType = sourcecode.swift; path = Service.swift; sourceTree = "<group>"; };
		5392D5152C70BE24009CBB26 /* Service+.swift */ = {isa = PBXFileReference; lastKnownFileType = sourcecode.swift; path = "Service+.swift"; sourceTree = "<group>"; };
		53ED63402DBE34010026BF78 /* ServiceClient.swift */ = {isa = PBXFileReference; lastKnownFileType = sourcecode.swift; path = ServiceClient.swift; sourceTree = "<group>"; };
/* End PBXFileReference section */

/* Begin PBXFrameworksBuildPhase section */
		5392D4BA2C705A0A009CBB26 /* Frameworks */ = {
			isa = PBXFrameworksBuildPhase;
			buildActionMask = 2147483647;
			files = (
				5392D4F32C705E50009CBB26 /* ComposableArchitecture in Frameworks */,
			);
			runOnlyForDeploymentPostprocessing = 0;
		};
		5392D4D02C705A0A009CBB26 /* Frameworks */ = {
			isa = PBXFrameworksBuildPhase;
			buildActionMask = 2147483647;
			files = (
			);
			runOnlyForDeploymentPostprocessing = 0;
		};
		5392D4DA2C705A0A009CBB26 /* Frameworks */ = {
			isa = PBXFrameworksBuildPhase;
			buildActionMask = 2147483647;
			files = (
			);
			runOnlyForDeploymentPostprocessing = 0;
		};
/* End PBXFrameworksBuildPhase section */

/* Begin PBXGroup section */
		530700CC2C82D82E00DB408E /* API */ = {
			isa = PBXGroup;
			children = (
				5392D5032C70B290009CBB26 /* Base */,
				5392D50A2C70B754009CBB26 /* ServerConfig.swift */,
				5392D50C2C70B776009CBB26 /* ServiceProtocol.swift */,
				5392D5122C70BDCC009CBB26 /* Service.swift */,
				53ED63402DBE34010026BF78 /* ServiceClient.swift */,
			);
			path = API;
			sourceTree = "<group>";
		};
		5341AE0C2C7314270034B7BE /* View */ = {
			isa = PBXGroup;
			children = (
				5341AE0D2C7314430034B7BE /* UserListCell.swift */,
			);
			path = View;
			sourceTree = "<group>";
		};
		5392D4B42C705A0A009CBB26 = {
			isa = PBXGroup;
			children = (
				5392D4BF2C705A0A009CBB26 /* GitHubDemo */,
				5392D4D62C705A0A009CBB26 /* GitHubDemoTests */,
				5392D4E02C705A0A009CBB26 /* GitHubDemoUITests */,
				5392D4BE2C705A0A009CBB26 /* Products */,
			);
			sourceTree = "<group>";
		};
		5392D4BE2C705A0A009CBB26 /* Products */ = {
			isa = PBXGroup;
			children = (
				5392D4BD2C705A0A009CBB26 /* GitHubDemo.app */,
				5392D4D32C705A0A009CBB26 /* GitHubDemoTests.xctest */,
				5392D4DD2C705A0A009CBB26 /* GitHubDemoUITests.xctest */,
			);
			name = Products;
			sourceTree = "<group>";
		};
		5392D4BF2C705A0A009CBB26 /* GitHubDemo */ = {
			isa = PBXGroup;
			children = (
				5392D4C02C705A0A009CBB26 /* AppDelegate.swift */,
				5392D4C22C705A0A009CBB26 /* SceneDelegate.swift */,
				5392D4C62C705A0A009CBB26 /* Main.storyboard */,
				5392D4CB2C705A0A009CBB26 /* LaunchScreen.storyboard */,
				5392D4CE2C705A0A009CBB26 /* Info.plist */,
				5392D4F02C705C3A009CBB26 /* Screen */,
				5392D4F92C7096FB009CBB26 /* ViewModel */,
				5341AE0C2C7314270034B7BE /* View */,
				5392D4FA2C709707009CBB26 /* Model */,
				5392D4F72C7096DD009CBB26 /* Coordinator */,
				5392D5022C70B27A009CBB26 /* RemoteRepositories */,
				5392D5142C70BE0C009CBB26 /* Extension */,
				5392D4FB2C7097D5009CBB26 /* Resource */,
			);
			path = GitHubDemo;
			sourceTree = "<group>";
		};
		5392D4D62C705A0A009CBB26 /* GitHubDemoTests */ = {
			isa = PBXGroup;
			children = (
				5392D4D72C705A0A009CBB26 /* GitHubDemoTests.swift */,
			);
			path = GitHubDemoTests;
			sourceTree = "<group>";
		};
		5392D4E02C705A0A009CBB26 /* GitHubDemoUITests */ = {
			isa = PBXGroup;
			children = (
				5392D4E12C705A0A009CBB26 /* GitHubDemoUITests.swift */,
				5392D4E32C705A0A009CBB26 /* GitHubDemoUITestsLaunchTests.swift */,
			);
			path = GitHubDemoUITests;
			sourceTree = "<group>";
		};
		5392D4F02C705C3A009CBB26 /* Screen */ = {
			isa = PBXGroup;
			children = (
				5392D4C42C705A0A009CBB26 /* ListViewController.swift */,
				5392D4FE2C70A11A009CBB26 /* ProfileViewController.swift */,
			);
			path = Screen;
			sourceTree = "<group>";
		};
		5392D4F72C7096DD009CBB26 /* Coordinator */ = {
			isa = PBXGroup;
			children = (
				536A161C2CA9483200A89A69 /* Coordinator.swift */,
				5392D4FC2C709911009CBB26 /* AppCoordinator.swift */,
			);
			path = Coordinator;
			sourceTree = "<group>";
		};
		5392D4F92C7096FB009CBB26 /* ViewModel */ = {
			isa = PBXGroup;
			children = (
				5392D5002C70A51C009CBB26 /* ListViewModel.swift */,
				5341AE0F2C7315AC0034B7BE /* UserListCellViewModel.swift */,
				530700C92C8074DD00DB408E /* ProfileReducer.swift */,
			);
			path = ViewModel;
			sourceTree = "<group>";
		};
		5392D4FA2C709707009CBB26 /* Model */ = {
			isa = PBXGroup;
			children = (
				5392D50E2C70B8FD009CBB26 /* User.swift */,
				5392D5102C70BBA4009CBB26 /* Profile.swift */,
			);
			path = Model;
			sourceTree = "<group>";
		};
		5392D4FB2C7097D5009CBB26 /* Resource */ = {
			isa = PBXGroup;
			children = (
				5392D4C92C705A0A009CBB26 /* Assets.xcassets */,
			);
			path = Resource;
			sourceTree = "<group>";
		};
		5392D5022C70B27A009CBB26 /* RemoteRepositories */ = {
			isa = PBXGroup;
			children = (
				530700CD2C82D85000DB408E /* URLLoader.swift */,
				530700CC2C82D82E00DB408E /* API */,
			);
			path = RemoteRepositories;
			sourceTree = "<group>";
		};
		5392D5032C70B290009CBB26 /* Base */ = {
			isa = PBXGroup;
			children = (
				5392D5042C70B29F009CBB26 /* Route.swift */,
				5392D5062C70B2BB009CBB26 /* HttpMethod.swift */,
				5392D5082C70B2C6009CBB26 /* ServiceMonitorProtocol.swift */,
			);
			path = Base;
			sourceTree = "<group>";
		};
		5392D5142C70BE0C009CBB26 /* Extension */ = {
			isa = PBXGroup;
			children = (
				5392D5152C70BE24009CBB26 /* Service+.swift */,
				530700CF2C8800F600DB408E /* View+.swift */,
			);
			path = Extension;
			sourceTree = "<group>";
		};
/* End PBXGroup section */

/* Begin PBXNativeTarget section */
		5392D4BC2C705A0A009CBB26 /* GitHubDemo */ = {
			isa = PBXNativeTarget;
			buildConfigurationList = 5392D4E72C705A0A009CBB26 /* Build configuration list for PBXNativeTarget "GitHubDemo" */;
			buildPhases = (
				5392D4B92C705A0A009CBB26 /* Sources */,
				5392D4BA2C705A0A009CBB26 /* Frameworks */,
				5392D4BB2C705A0A009CBB26 /* Resources */,
			);
			buildRules = (
			);
			dependencies = (
				539C7D112DEC1CC90003B17C /* PBXTargetDependency */,
			);
			name = GitHubDemo;
			packageProductDependencies = (
				5392D4F22C705E50009CBB26 /* ComposableArchitecture */,
			);
			productName = GitHubDemo;
			productReference = 5392D4BD2C705A0A009CBB26 /* GitHubDemo.app */;
			productType = "com.apple.product-type.application";
		};
		5392D4D22C705A0A009CBB26 /* GitHubDemoTests */ = {
			isa = PBXNativeTarget;
			buildConfigurationList = 5392D4EA2C705A0A009CBB26 /* Build configuration list for PBXNativeTarget "GitHubDemoTests" */;
			buildPhases = (
				5392D4CF2C705A0A009CBB26 /* Sources */,
				5392D4D02C705A0A009CBB26 /* Frameworks */,
				5392D4D12C705A0A009CBB26 /* Resources */,
			);
			buildRules = (
			);
			dependencies = (
				5392D4D52C705A0A009CBB26 /* PBXTargetDependency */,
			);
			name = GitHubDemoTests;
			productName = GitHubDemoTests;
			productReference = 5392D4D32C705A0A009CBB26 /* GitHubDemoTests.xctest */;
			productType = "com.apple.product-type.bundle.unit-test";
		};
		5392D4DC2C705A0A009CBB26 /* GitHubDemoUITests */ = {
			isa = PBXNativeTarget;
			buildConfigurationList = 5392D4ED2C705A0A009CBB26 /* Build configuration list for PBXNativeTarget "GitHubDemoUITests" */;
			buildPhases = (
				5392D4D92C705A0A009CBB26 /* Sources */,
				5392D4DA2C705A0A009CBB26 /* Frameworks */,
				5392D4DB2C705A0A009CBB26 /* Resources */,
			);
			buildRules = (
			);
			dependencies = (
				5392D4DF2C705A0A009CBB26 /* PBXTargetDependency */,
			);
			name = GitHubDemoUITests;
			productName = GitHubDemoUITests;
			productReference = 5392D4DD2C705A0A009CBB26 /* GitHubDemoUITests.xctest */;
			productType = "com.apple.product-type.bundle.ui-testing";
		};
/* End PBXNativeTarget section */

/* Begin PBXProject section */
		5392D4B52C705A0A009CBB26 /* Project object */ = {
			isa = PBXProject;
			attributes = {
				BuildIndependentTargetsInParallel = 1;
				LastSwiftUpdateCheck = 1520;
				LastUpgradeCheck = 1520;
				TargetAttributes = {
					5392D4BC2C705A0A009CBB26 = {
						CreatedOnToolsVersion = 15.2;
					};
					5392D4D22C705A0A009CBB26 = {
						CreatedOnToolsVersion = 15.2;
						TestTargetID = 5392D4BC2C705A0A009CBB26;
					};
					5392D4DC2C705A0A009CBB26 = {
						CreatedOnToolsVersion = 15.2;
						TestTargetID = 5392D4BC2C705A0A009CBB26;
					};
				};
			};
			buildConfigurationList = 5392D4B82C705A0A009CBB26 /* Build configuration list for PBXProject "GitHubDemo" */;
			compatibilityVersion = "Xcode 14.0";
			developmentRegion = en;
			hasScannedForEncodings = 0;
			knownRegions = (
				en,
				Base,
			);
			mainGroup = 5392D4B42C705A0A009CBB26;
			packageReferences = (
				5392D4F12C705E50009CBB26 /* XCRemoteSwiftPackageReference "swift-composable-architecture" */,
			);
			productRefGroup = 5392D4BE2C705A0A009CBB26 /* Products */;
			projectDirPath = "";
			projectRoot = "";
			targets = (
				5392D4BC2C705A0A009CBB26 /* GitHubDemo */,
				5392D4D22C705A0A009CBB26 /* GitHubDemoTests */,
				5392D4DC2C705A0A009CBB26 /* GitHubDemoUITests */,
			);
		};
/* End PBXProject section */

/* Begin PBXResourcesBuildPhase section */
		5392D4BB2C705A0A009CBB26 /* Resources */ = {
			isa = PBXResourcesBuildPhase;
			buildActionMask = 2147483647;
			files = (
				5392D4CD2C705A0A009CBB26 /* LaunchScreen.storyboard in Resources */,
				5392D4CA2C705A0A009CBB26 /* Assets.xcassets in Resources */,
				5392D4C82C705A0A009CBB26 /* Main.storyboard in Resources */,
			);
			runOnlyForDeploymentPostprocessing = 0;
		};
		5392D4D12C705A0A009CBB26 /* Resources */ = {
			isa = PBXResourcesBuildPhase;
			buildActionMask = 2147483647;
			files = (
			);
			runOnlyForDeploymentPostprocessing = 0;
		};
		5392D4DB2C705A0A009CBB26 /* Resources */ = {
			isa = PBXResourcesBuildPhase;
			buildActionMask = 2147483647;
			files = (
			);
			runOnlyForDeploymentPostprocessing = 0;
		};
/* End PBXResourcesBuildPhase section */

/* Begin PBXSourcesBuildPhase section */
		5392D4B92C705A0A009CBB26 /* Sources */ = {
			isa = PBXSourcesBuildPhase;
			buildActionMask = 2147483647;
			files = (
				5392D50B2C70B754009CBB26 /* ServerConfig.swift in Sources */,
				530700CA2C8074DD00DB408E /* ProfileReducer.swift in Sources */,
				5392D5132C70BDCC009CBB26 /* Service.swift in Sources */,
				5392D5092C70B2C6009CBB26 /* ServiceMonitorProtocol.swift in Sources */,
				5392D4C52C705A0A009CBB26 /* ListViewController.swift in Sources */,
				5392D5112C70BBA4009CBB26 /* Profile.swift in Sources */,
				5392D4FD2C709911009CBB26 /* AppCoordinator.swift in Sources */,
				5392D5012C70A51C009CBB26 /* ListViewModel.swift in Sources */,
				530700D02C8800F600DB408E /* View+.swift in Sources */,
				5392D4FF2C70A11A009CBB26 /* ProfileViewController.swift in Sources */,
				5341AE0E2C7314430034B7BE /* UserListCell.swift in Sources */,
				5392D5072C70B2BB009CBB26 /* HttpMethod.swift in Sources */,
				5392D4C12C705A0A009CBB26 /* AppDelegate.swift in Sources */,
				5392D5162C70BE24009CBB26 /* Service+.swift in Sources */,
				53ED63412DBE34010026BF78 /* ServiceClient.swift in Sources */,
				5392D50F2C70B8FD009CBB26 /* User.swift in Sources */,
				5392D5052C70B29F009CBB26 /* Route.swift in Sources */,
				5392D4C32C705A0A009CBB26 /* SceneDelegate.swift in Sources */,
				5341AE102C7315AC0034B7BE /* UserListCellViewModel.swift in Sources */,
				5392D50D2C70B776009CBB26 /* ServiceProtocol.swift in Sources */,
				530700CE2C82D85000DB408E /* URLLoader.swift in Sources */,
				536A161D2CA9483200A89A69 /* Coordinator.swift in Sources */,
			);
			runOnlyForDeploymentPostprocessing = 0;
		};
		5392D4CF2C705A0A009CBB26 /* Sources */ = {
			isa = PBXSourcesBuildPhase;
			buildActionMask = 2147483647;
			files = (
				5392D4D82C705A0A009CBB26 /* GitHubDemoTests.swift in Sources */,
			);
			runOnlyForDeploymentPostprocessing = 0;
		};
		5392D4D92C705A0A009CBB26 /* Sources */ = {
			isa = PBXSourcesBuildPhase;
			buildActionMask = 2147483647;
			files = (
				5392D4E42C705A0A009CBB26 /* GitHubDemoUITestsLaunchTests.swift in Sources */,
				5392D4E22C705A0A009CBB26 /* GitHubDemoUITests.swift in Sources */,
			);
			runOnlyForDeploymentPostprocessing = 0;
		};
/* End PBXSourcesBuildPhase section */

/* Begin PBXTargetDependency section */
		5392D4D52C705A0A009CBB26 /* PBXTargetDependency */ = {
			isa = PBXTargetDependency;
			target = 5392D4BC2C705A0A009CBB26 /* GitHubDemo */;
			targetProxy = 5392D4D42C705A0A009CBB26 /* PBXContainerItemProxy */;
		};
		5392D4DF2C705A0A009CBB26 /* PBXTargetDependency */ = {
			isa = PBXTargetDependency;
			target = 5392D4BC2C705A0A009CBB26 /* GitHubDemo */;
			targetProxy = 5392D4DE2C705A0A009CBB26 /* PBXContainerItemProxy */;
		};
		539C7D112DEC1CC90003B17C /* PBXTargetDependency */ = {
			isa = PBXTargetDependency;
			productRef = 539C7D102DEC1CC90003B17C /* ComposableArchitecture */;
		};
/* End PBXTargetDependency section */

/* Begin PBXVariantGroup section */
		5392D4C62C705A0A009CBB26 /* Main.storyboard */ = {
			isa = PBXVariantGroup;
			children = (
				5392D4C72C705A0A009CBB26 /* Base */,
			);
			name = Main.storyboard;
			sourceTree = "<group>";
		};
		5392D4CB2C705A0A009CBB26 /* LaunchScreen.storyboard */ = {
			isa = PBXVariantGroup;
			children = (
				5392D4CC2C705A0A009CBB26 /* Base */,
			);
			name = LaunchScreen.storyboard;
			sourceTree = "<group>";
		};
/* End PBXVariantGroup section */

/* Begin XCBuildConfiguration section */
		5392D4E52C705A0A009CBB26 /* Debug */ = {
			isa = XCBuildConfiguration;
			buildSettings = {
				ALWAYS_SEARCH_USER_PATHS = NO;
				ASSETCATALOG_COMPILER_GENERATE_SWIFT_ASSET_SYMBOL_EXTENSIONS = YES;
				CLANG_ANALYZER_NONNULL = YES;
				CLANG_ANALYZER_NUMBER_OBJECT_CONVERSION = YES_AGGRESSIVE;
				CLANG_CXX_LANGUAGE_STANDARD = "gnu++20";
				CLANG_ENABLE_MODULES = YES;
				CLANG_ENABLE_OBJC_ARC = YES;
				CLANG_ENABLE_OBJC_WEAK = YES;
				CLANG_WARN_BLOCK_CAPTURE_AUTORELEASING = YES;
				CLANG_WARN_BOOL_CONVERSION = YES;
				CLANG_WARN_COMMA = YES;
				CLANG_WARN_CONSTANT_CONVERSION = YES;
				CLANG_WARN_DEPRECATED_OBJC_IMPLEMENTATIONS = YES;
				CLANG_WARN_DIRECT_OBJC_ISA_USAGE = YES_ERROR;
				CLANG_WARN_DOCUMENTATION_COMMENTS = YES;
				CLANG_WARN_EMPTY_BODY = YES;
				CLANG_WARN_ENUM_CONVERSION = YES;
				CLANG_WARN_INFINITE_RECURSION = YES;
				CLANG_WARN_INT_CONVERSION = YES;
				CLANG_WARN_NON_LITERAL_NULL_CONVERSION = YES;
				CLANG_WARN_OBJC_IMPLICIT_RETAIN_SELF = YES;
				CLANG_WARN_OBJC_LITERAL_CONVERSION = YES;
				CLANG_WARN_OBJC_ROOT_CLASS = YES_ERROR;
				CLANG_WARN_QUOTED_INCLUDE_IN_FRAMEWORK_HEADER = YES;
				CLANG_WARN_RANGE_LOOP_ANALYSIS = YES;
				CLANG_WARN_STRICT_PROTOTYPES = YES;
				CLANG_WARN_SUSPICIOUS_MOVE = YES;
				CLANG_WARN_UNGUARDED_AVAILABILITY = YES_AGGRESSIVE;
				CLANG_WARN_UNREACHABLE_CODE = YES;
				CLANG_WARN__DUPLICATE_METHOD_MATCH = YES;
				COPY_PHASE_STRIP = NO;
				DEBUG_INFORMATION_FORMAT = dwarf;
				ENABLE_STRICT_OBJC_MSGSEND = YES;
				ENABLE_TESTABILITY = YES;
				ENABLE_USER_SCRIPT_SANDBOXING = YES;
				GCC_C_LANGUAGE_STANDARD = gnu17;
				GCC_DYNAMIC_NO_PIC = NO;
				GCC_NO_COMMON_BLOCKS = YES;
				GCC_OPTIMIZATION_LEVEL = 0;
				GCC_PREPROCESSOR_DEFINITIONS = (
					"DEBUG=1",
					"$(inherited)",
				);
				GCC_WARN_64_TO_32_BIT_CONVERSION = YES;
				GCC_WARN_ABOUT_RETURN_TYPE = YES_ERROR;
				GCC_WARN_UNDECLARED_SELECTOR = YES;
				GCC_WARN_UNINITIALIZED_AUTOS = YES_AGGRESSIVE;
				GCC_WARN_UNUSED_FUNCTION = YES;
				GCC_WARN_UNUSED_VARIABLE = YES;
				IPHONEOS_DEPLOYMENT_TARGET = 17.2;
				LOCALIZATION_PREFERS_STRING_CATALOGS = YES;
				MTL_ENABLE_DEBUG_INFO = INCLUDE_SOURCE;
				MTL_FAST_MATH = YES;
				ONLY_ACTIVE_ARCH = YES;
				SDKROOT = iphoneos;
				SWIFT_ACTIVE_COMPILATION_CONDITIONS = "DEBUG $(inherited)";
				SWIFT_OPTIMIZATION_LEVEL = "-Onone";
			};
			name = Debug;
		};
		5392D4E62C705A0A009CBB26 /* Release */ = {
			isa = XCBuildConfiguration;
			buildSettings = {
				ALWAYS_SEARCH_USER_PATHS = NO;
				ASSETCATALOG_COMPILER_GENERATE_SWIFT_ASSET_SYMBOL_EXTENSIONS = YES;
				CLANG_ANALYZER_NONNULL = YES;
				CLANG_ANALYZER_NUMBER_OBJECT_CONVERSION = YES_AGGRESSIVE;
				CLANG_CXX_LANGUAGE_STANDARD = "gnu++20";
				CLANG_ENABLE_MODULES = YES;
				CLANG_ENABLE_OBJC_ARC = YES;
				CLANG_ENABLE_OBJC_WEAK = YES;
				CLANG_WARN_BLOCK_CAPTURE_AUTORELEASING = YES;
				CLANG_WARN_BOOL_CONVERSION = YES;
				CLANG_WARN_COMMA = YES;
				CLANG_WARN_CONSTANT_CONVERSION = YES;
				CLANG_WARN_DEPRECATED_OBJC_IMPLEMENTATIONS = YES;
				CLANG_WARN_DIRECT_OBJC_ISA_USAGE = YES_ERROR;
				CLANG_WARN_DOCUMENTATION_COMMENTS = YES;
				CLANG_WARN_EMPTY_BODY = YES;
				CLANG_WARN_ENUM_CONVERSION = YES;
				CLANG_WARN_INFINITE_RECURSION = YES;
				CLANG_WARN_INT_CONVERSION = YES;
				CLANG_WARN_NON_LITERAL_NULL_CONVERSION = YES;
				CLANG_WARN_OBJC_IMPLICIT_RETAIN_SELF = YES;
				CLANG_WARN_OBJC_LITERAL_CONVERSION = YES;
				CLANG_WARN_OBJC_ROOT_CLASS = YES_ERROR;
				CLANG_WARN_QUOTED_INCLUDE_IN_FRAMEWORK_HEADER = YES;
				CLANG_WARN_RANGE_LOOP_ANALYSIS = YES;
				CLANG_WARN_STRICT_PROTOTYPES = YES;
				CLANG_WARN_SUSPICIOUS_MOVE = YES;
				CLANG_WARN_UNGUARDED_AVAILABILITY = YES_AGGRESSIVE;
				CLANG_WARN_UNREACHABLE_CODE = YES;
				CLANG_WARN__DUPLICATE_METHOD_MATCH = YES;
				COPY_PHASE_STRIP = NO;
				DEBUG_INFORMATION_FORMAT = "dwarf-with-dsym";
				ENABLE_NS_ASSERTIONS = NO;
				ENABLE_STRICT_OBJC_MSGSEND = YES;
				ENABLE_USER_SCRIPT_SANDBOXING = YES;
				GCC_C_LANGUAGE_STANDARD = gnu17;
				GCC_NO_COMMON_BLOCKS = YES;
				GCC_WARN_64_TO_32_BIT_CONVERSION = YES;
				GCC_WARN_ABOUT_RETURN_TYPE = YES_ERROR;
				GCC_WARN_UNDECLARED_SELECTOR = YES;
				GCC_WARN_UNINITIALIZED_AUTOS = YES_AGGRESSIVE;
				GCC_WARN_UNUSED_FUNCTION = YES;
				GCC_WARN_UNUSED_VARIABLE = YES;
				IPHONEOS_DEPLOYMENT_TARGET = 17.2;
				LOCALIZATION_PREFERS_STRING_CATALOGS = YES;
				MTL_ENABLE_DEBUG_INFO = NO;
				MTL_FAST_MATH = YES;
				SDKROOT = iphoneos;
				SWIFT_COMPILATION_MODE = wholemodule;
				VALIDATE_PRODUCT = YES;
			};
			name = Release;
		};
		5392D4E82C705A0A009CBB26 /* Debug */ = {
			isa = XCBuildConfiguration;
			buildSettings = {
				ASSETCATALOG_COMPILER_APPICON_NAME = AppIcon;
				ASSETCATALOG_COMPILER_GLOBAL_ACCENT_COLOR_NAME = AccentColor;
				CODE_SIGN_STYLE = Automatic;
				CURRENT_PROJECT_VERSION = 1;
				DEVELOPMENT_TEAM = P2N5GMFKQQ;
				GENERATE_INFOPLIST_FILE = YES;
				INFOPLIST_FILE = GitHubDemo/Info.plist;
				INFOPLIST_KEY_UIApplicationSupportsIndirectInputEvents = YES;
				INFOPLIST_KEY_UILaunchStoryboardName = LaunchScreen;
				INFOPLIST_KEY_UIMainStoryboardFile = "";
				INFOPLIST_KEY_UISupportedInterfaceOrientations_iPad = "UIInterfaceOrientationPortrait UIInterfaceOrientationPortraitUpsideDown UIInterfaceOrientationLandscapeLeft UIInterfaceOrientationLandscapeRight";
				INFOPLIST_KEY_UISupportedInterfaceOrientations_iPhone = "UIInterfaceOrientationPortrait UIInterfaceOrientationLandscapeLeft UIInterfaceOrientationLandscapeRight";
				LD_RUNPATH_SEARCH_PATHS = (
					"$(inherited)",
					"@executable_path/Frameworks",
				);
				MARKETING_VERSION = 1.0;
				PRODUCT_BUNDLE_IDENTIFIER = com.piglier.GitHubDemo;
				PRODUCT_NAME = "$(TARGET_NAME)";
				SWIFT_EMIT_LOC_STRINGS = YES;
				SWIFT_VERSION = 5.0;
				TARGETED_DEVICE_FAMILY = "1,2";
			};
			name = Debug;
		};
		5392D4E92C705A0A009CBB26 /* Release */ = {
			isa = XCBuildConfiguration;
			buildSettings = {
				ASSETCATALOG_COMPILER_APPICON_NAME = AppIcon;
				ASSETCATALOG_COMPILER_GLOBAL_ACCENT_COLOR_NAME = AccentColor;
				CODE_SIGN_STYLE = Automatic;
				CURRENT_PROJECT_VERSION = 1;
				DEVELOPMENT_TEAM = P2N5GMFKQQ;
				GENERATE_INFOPLIST_FILE = YES;
				INFOPLIST_FILE = GitHubDemo/Info.plist;
				INFOPLIST_KEY_UIApplicationSupportsIndirectInputEvents = YES;
				INFOPLIST_KEY_UILaunchStoryboardName = LaunchScreen;
				INFOPLIST_KEY_UIMainStoryboardFile = "";
				INFOPLIST_KEY_UISupportedInterfaceOrientations_iPad = "UIInterfaceOrientationPortrait UIInterfaceOrientationPortraitUpsideDown UIInterfaceOrientationLandscapeLeft UIInterfaceOrientationLandscapeRight";
				INFOPLIST_KEY_UISupportedInterfaceOrientations_iPhone = "UIInterfaceOrientationPortrait UIInterfaceOrientationLandscapeLeft UIInterfaceOrientationLandscapeRight";
				LD_RUNPATH_SEARCH_PATHS = (
					"$(inherited)",
					"@executable_path/Frameworks",
				);
				MARKETING_VERSION = 1.0;
				PRODUCT_BUNDLE_IDENTIFIER = com.piglier.GitHubDemo;
				PRODUCT_NAME = "$(TARGET_NAME)";
				SWIFT_EMIT_LOC_STRINGS = YES;
				SWIFT_VERSION = 5.0;
				TARGETED_DEVICE_FAMILY = "1,2";
			};
			name = Release;
		};
		5392D4EB2C705A0A009CBB26 /* Debug */ = {
			isa = XCBuildConfiguration;
			buildSettings = {
				ALWAYS_EMBED_SWIFT_STANDARD_LIBRARIES = YES;
				BUNDLE_LOADER = "$(TEST_HOST)";
				CODE_SIGN_STYLE = Automatic;
				CURRENT_PROJECT_VERSION = 1;
				DEVELOPMENT_TEAM = P2N5GMFKQQ;
				GENERATE_INFOPLIST_FILE = YES;
				IPHONEOS_DEPLOYMENT_TARGET = 17.2;
				MARKETING_VERSION = 1.0;
				PRODUCT_BUNDLE_IDENTIFIER = com.piglier.GitHubDemoTests;
				PRODUCT_NAME = "$(TARGET_NAME)";
				SWIFT_EMIT_LOC_STRINGS = NO;
				SWIFT_VERSION = 5.0;
				TARGETED_DEVICE_FAMILY = "1,2";
				TEST_HOST = "$(BUILT_PRODUCTS_DIR)/GitHubDemo.app/$(BUNDLE_EXECUTABLE_FOLDER_PATH)/GitHubDemo";
			};
			name = Debug;
		};
		5392D4EC2C705A0A009CBB26 /* Release */ = {
			isa = XCBuildConfiguration;
			buildSettings = {
				ALWAYS_EMBED_SWIFT_STANDARD_LIBRARIES = YES;
				BUNDLE_LOADER = "$(TEST_HOST)";
				CODE_SIGN_STYLE = Automatic;
				CURRENT_PROJECT_VERSION = 1;
				DEVELOPMENT_TEAM = P2N5GMFKQQ;
				GENERATE_INFOPLIST_FILE = YES;
				IPHONEOS_DEPLOYMENT_TARGET = 17.2;
				MARKETING_VERSION = 1.0;
				PRODUCT_BUNDLE_IDENTIFIER = com.piglier.GitHubDemoTests;
				PRODUCT_NAME = "$(TARGET_NAME)";
				SWIFT_EMIT_LOC_STRINGS = NO;
				SWIFT_VERSION = 5.0;
				TARGETED_DEVICE_FAMILY = "1,2";
				TEST_HOST = "$(BUILT_PRODUCTS_DIR)/GitHubDemo.app/$(BUNDLE_EXECUTABLE_FOLDER_PATH)/GitHubDemo";
			};
			name = Release;
		};
		5392D4EE2C705A0A009CBB26 /* Debug */ = {
			isa = XCBuildConfiguration;
			buildSettings = {
				ALWAYS_EMBED_SWIFT_STANDARD_LIBRARIES = YES;
				CODE_SIGN_STYLE = Automatic;
				CURRENT_PROJECT_VERSION = 1;
				DEVELOPMENT_TEAM = P2N5GMFKQQ;
				GENERATE_INFOPLIST_FILE = YES;
				MARKETING_VERSION = 1.0;
				PRODUCT_BUNDLE_IDENTIFIER = com.piglier.GitHubDemoUITests;
				PRODUCT_NAME = "$(TARGET_NAME)";
				SWIFT_EMIT_LOC_STRINGS = NO;
				SWIFT_VERSION = 5.0;
				TARGETED_DEVICE_FAMILY = "1,2";
				TEST_TARGET_NAME = GitHubDemo;
			};
			name = Debug;
		};
		5392D4EF2C705A0A009CBB26 /* Release */ = {
			isa = XCBuildConfiguration;
			buildSettings = {
				ALWAYS_EMBED_SWIFT_STANDARD_LIBRARIES = YES;
				CODE_SIGN_STYLE = Automatic;
				CURRENT_PROJECT_VERSION = 1;
				DEVELOPMENT_TEAM = P2N5GMFKQQ;
				GENERATE_INFOPLIST_FILE = YES;
				MARKETING_VERSION = 1.0;
				PRODUCT_BUNDLE_IDENTIFIER = com.piglier.GitHubDemoUITests;
				PRODUCT_NAME = "$(TARGET_NAME)";
				SWIFT_EMIT_LOC_STRINGS = NO;
				SWIFT_VERSION = 5.0;
				TARGETED_DEVICE_FAMILY = "1,2";
				TEST_TARGET_NAME = GitHubDemo;
			};
			name = Release;
		};
/* End XCBuildConfiguration section */

/* Begin XCConfigurationList section */
		5392D4B82C705A0A009CBB26 /* Build configuration list for PBXProject "GitHubDemo" */ = {
			isa = XCConfigurationList;
			buildConfigurations = (
				5392D4E52C705A0A009CBB26 /* Debug */,
				5392D4E62C705A0A009CBB26 /* Release */,
			);
			defaultConfigurationIsVisible = 0;
			defaultConfigurationName = Release;
		};
		5392D4E72C705A0A009CBB26 /* Build configuration list for PBXNativeTarget "GitHubDemo" */ = {
			isa = XCConfigurationList;
			buildConfigurations = (
				5392D4E82C705A0A009CBB26 /* Debug */,
				5392D4E92C705A0A009CBB26 /* Release */,
			);
			defaultConfigurationIsVisible = 0;
			defaultConfigurationName = Release;
		};
		5392D4EA2C705A0A009CBB26 /* Build configuration list for PBXNativeTarget "GitHubDemoTests" */ = {
			isa = XCConfigurationList;
			buildConfigurations = (
				5392D4EB2C705A0A009CBB26 /* Debug */,
				5392D4EC2C705A0A009CBB26 /* Release */,
			);
			defaultConfigurationIsVisible = 0;
			defaultConfigurationName = Release;
		};
		5392D4ED2C705A0A009CBB26 /* Build configuration list for PBXNativeTarget "GitHubDemoUITests" */ = {
			isa = XCConfigurationList;
			buildConfigurations = (
				5392D4EE2C705A0A009CBB26 /* Debug */,
				5392D4EF2C705A0A009CBB26 /* Release */,
			);
			defaultConfigurationIsVisible = 0;
			defaultConfigurationName = Release;
		};
/* End XCConfigurationList section */

/* Begin XCRemoteSwiftPackageReference section */
		5392D4F12C705E50009CBB26 /* XCRemoteSwiftPackageReference "swift-composable-architecture" */ = {
			isa = XCRemoteSwiftPackageReference;
			repositoryURL = "https://github.com/pointfreeco/swift-composable-architecture";
			requirement = {
				kind = upToNextMajorVersion;
				minimumVersion = 1.19.1;
			};
		};
/* End XCRemoteSwiftPackageReference section */

/* Begin XCSwiftPackageProductDependency section */
		5392D4F22C705E50009CBB26 /* ComposableArchitecture */ = {
			isa = XCSwiftPackageProductDependency;
			package = 5392D4F12C705E50009CBB26 /* XCRemoteSwiftPackageReference "swift-composable-architecture" */;
			productName = ComposableArchitecture;
		};
		539C7D102DEC1CC90003B17C /* ComposableArchitecture */ = {
			isa = XCSwiftPackageProductDependency;
			package = 5392D4F12C705E50009CBB26 /* XCRemoteSwiftPackageReference "swift-composable-architecture" */;
			productName = ComposableArchitecture;
		};
/* End XCSwiftPackageProductDependency section */
	};
	rootObject = 5392D4B52C705A0A009CBB26 /* Project object */;
}
